// !$*UTF8*$!
{
	archiveVersion = 1;
	classes = {
	};
	objectVersion = 56;
	objects = {

/* Begin PBXBuildFile section */
		041496AE2CC558F600BE03DA /* CustomButtonWithFrame.swift in Sources */ = {isa = PBXBuildFile; fileRef = 041496AD2CC558F600BE03DA /* CustomButtonWithFrame.swift */; };
		041496B02CC6A5DC00BE03DA /* MainTabView.swift in Sources */ = {isa = PBXBuildFile; fileRef = 041496AF2CC6A5DC00BE03DA /* MainTabView.swift */; };
		041496B22CC6A69F00BE03DA /* MyFleetView.swift in Sources */ = {isa = PBXBuildFile; fileRef = 041496B12CC6A69F00BE03DA /* MyFleetView.swift */; };
		041496B42CC6A6C400BE03DA /* CommunityView.swift in Sources */ = {isa = PBXBuildFile; fileRef = 041496B32CC6A6C400BE03DA /* CommunityView.swift */; };
		041496B62CC6A6F800BE03DA /* ShopView.swift in Sources */ = {isa = PBXBuildFile; fileRef = 041496B52CC6A6F800BE03DA /* ShopView.swift */; };
		041496B82CC6A72D00BE03DA /* MyAccountView.swift in Sources */ = {isa = PBXBuildFile; fileRef = 041496B72CC6A72D00BE03DA /* MyAccountView.swift */; };
		04678E9D2CBEF9450011C28B /* InterSemiBold.ttf in Resources */ = {isa = PBXBuildFile; fileRef = 04678E982CBEF9450011C28B /* InterSemiBold.ttf */; };
		04678E9E2CBEF9460011C28B /* ShapiroSuper.otf in Resources */ = {isa = PBXBuildFile; fileRef = 04678E992CBEF9450011C28B /* ShapiroSuper.otf */; };
		04678E9F2CBEF9460011C28B /* ShapiroHeavy.otf in Resources */ = {isa = PBXBuildFile; fileRef = 04678E9A2CBEF9450011C28B /* ShapiroHeavy.otf */; };
		04678EA02CBEF9460011C28B /* InterLight.ttf in Resources */ = {isa = PBXBuildFile; fileRef = 04678E9B2CBEF9450011C28B /* InterLight.ttf */; };
		04678EA12CBEF9460011C28B /* InterRegular.ttf in Resources */ = {isa = PBXBuildFile; fileRef = 04678E9C2CBEF9450011C28B /* InterRegular.ttf */; };
		04A0FCAF2CCA7B6E009C3B77 /* CustomDropDownTextField.swift in Sources */ = {isa = PBXBuildFile; fileRef = 04A0FCAE2CCA7B6E009C3B77 /* CustomDropDownTextField.swift */; };
		04A0FCB22CCA8E62009C3B77 /* FindDealerView.swift in Sources */ = {isa = PBXBuildFile; fileRef = 04A0FCB12CCA8E62009C3B77 /* FindDealerView.swift */; };
		04A0FCB42CCAC606009C3B77 /* NotificationView.swift in Sources */ = {isa = PBXBuildFile; fileRef = 04A0FCB32CCAC606009C3B77 /* NotificationView.swift */; };
		04A0FCB62CCAC62C009C3B77 /* NotificationSettingsView.swift in Sources */ = {isa = PBXBuildFile; fileRef = 04A0FCB52CCAC62C009C3B77 /* NotificationSettingsView.swift */; };
		04A0FCB82CCACADF009C3B77 /* ResultOfDealerSearch.swift in Sources */ = {isa = PBXBuildFile; fileRef = 04A0FCB72CCACADF009C3B77 /* ResultOfDealerSearch.swift */; };
		04A0FCBA2CCAE199009C3B77 /* FIndDealerResultItem.swift in Sources */ = {isa = PBXBuildFile; fileRef = 04A0FCB92CCAE199009C3B77 /* FIndDealerResultItem.swift */; };
		04A0FCBC2CCAE687009C3B77 /* MyDealerSystemCenter.swift in Sources */ = {isa = PBXBuildFile; fileRef = 04A0FCBB2CCAE687009C3B77 /* MyDealerSystemCenter.swift */; };
		04A0FCBE2CCB501A009C3B77 /* CustomBorderButton.swift in Sources */ = {isa = PBXBuildFile; fileRef = 04A0FCBD2CCB501A009C3B77 /* CustomBorderButton.swift */; };
		04B5FC282CC7661500A0E3E1 /* CustomCircleImage.swift in Sources */ = {isa = PBXBuildFile; fileRef = 04B5FC272CC7661500A0E3E1 /* CustomCircleImage.swift */; };
		04C22B482CBD956000B9F748 /* Robinson_HelicopterApp.swift in Sources */ = {isa = PBXBuildFile; fileRef = 04C22B472CBD956000B9F748 /* Robinson_HelicopterApp.swift */; };
		04C22B4A2CBD956000B9F748 /* ContentView.swift in Sources */ = {isa = PBXBuildFile; fileRef = 04C22B492CBD956000B9F748 /* ContentView.swift */; };
		04C22B4C2CBD956300B9F748 /* Assets.xcassets in Resources */ = {isa = PBXBuildFile; fileRef = 04C22B4B2CBD956300B9F748 /* Assets.xcassets */; };
		04C22B4F2CBD956300B9F748 /* Preview Assets.xcassets in Resources */ = {isa = PBXBuildFile; fileRef = 04C22B4E2CBD956300B9F748 /* Preview Assets.xcassets */; };
		04C22B5A2CBDB9E600B9F748 /* SplashView.swift in Sources */ = {isa = PBXBuildFile; fileRef = 04C22B592CBDB9E600B9F748 /* SplashView.swift */; };
		04C22B5C2CBDBA0600B9F748 /* LoginView.swift in Sources */ = {isa = PBXBuildFile; fileRef = 04C22B5B2CBDBA0600B9F748 /* LoginView.swift */; };
		04C22B5E2CBDBA6600B9F748 /* EnableAccessView.swift in Sources */ = {isa = PBXBuildFile; fileRef = 04C22B5D2CBDBA6600B9F748 /* EnableAccessView.swift */; };
		04C22B602CBDBA9C00B9F748 /* SignUpView.swift in Sources */ = {isa = PBXBuildFile; fileRef = 04C22B5F2CBDBA9C00B9F748 /* SignUpView.swift */; };
		04C22B622CBDBAC000B9F748 /* PreviousAccView.swift in Sources */ = {isa = PBXBuildFile; fileRef = 04C22B612CBDBAC000B9F748 /* PreviousAccView.swift */; };
		04C22B642CBDBAEC00B9F748 /* ForgotPassView.swift in Sources */ = {isa = PBXBuildFile; fileRef = 04C22B632CBDBAEC00B9F748 /* ForgotPassView.swift */; };
		04C22B662CBDBB1500B9F748 /* HeliTrackView.swift in Sources */ = {isa = PBXBuildFile; fileRef = 04C22B652CBDBB1500B9F748 /* HeliTrackView.swift */; };
		04C22B682CBDBB3000B9F748 /* HomeView.swift in Sources */ = {isa = PBXBuildFile; fileRef = 04C22B672CBDBB3000B9F748 /* HomeView.swift */; };
		04C9E6D82CD1379A00ADB2E8 /* MyFleetItem.swift in Sources */ = {isa = PBXBuildFile; fileRef = 04C9E6D72CD1379A00ADB2E8 /* MyFleetItem.swift */; };
		04C9E71E2CD3859D00ADB2E8 /* ReorderFleetItem.swift in Sources */ = {isa = PBXBuildFile; fileRef = 04C9E71D2CD3859D00ADB2E8 /* ReorderFleetItem.swift */; };
		04D4DF622CC81377004C7A29 /* CustomTextAndCheveronButton.swift in Sources */ = {isa = PBXBuildFile; fileRef = 04D4DF612CC81377004C7A29 /* CustomTextAndCheveronButton.swift */; };
		04D4DF642CC8265B004C7A29 /* CustomProductsButton.swift in Sources */ = {isa = PBXBuildFile; fileRef = 04D4DF632CC8265B004C7A29 /* CustomProductsButton.swift */; };
		04D4DF662CC8389A004C7A29 /* Line.swift in Sources */ = {isa = PBXBuildFile; fileRef = 04D4DF652CC8389A004C7A29 /* Line.swift */; };
		04D4DF682CC84204004C7A29 /* HeliTrackItem.swift in Sources */ = {isa = PBXBuildFile; fileRef = 04D4DF672CC84204004C7A29 /* HeliTrackItem.swift */; };
		04DAEEBB2CBF037200F1E5E6 /* StringHolder.swift in Sources */ = {isa = PBXBuildFile; fileRef = 04DAEEBA2CBF037200F1E5E6 /* StringHolder.swift */; };
		04DAEEBE2CBF202A00F1E5E6 /* CustomTextField.swift in Sources */ = {isa = PBXBuildFile; fileRef = 04DAEEBD2CBF202A00F1E5E6 /* CustomTextField.swift */; };
		04DAEEC02CBF29F500F1E5E6 /* CustomButton.swift in Sources */ = {isa = PBXBuildFile; fileRef = 04DAEEBF2CBF29F500F1E5E6 /* CustomButton.swift */; };
		04DAEEC22CBFDB8600F1E5E6 /* CustomNoBackButton.swift in Sources */ = {isa = PBXBuildFile; fileRef = 04DAEEC12CBFDB8600F1E5E6 /* CustomNoBackButton.swift */; };
		04DAEEC42CC1A31400F1E5E6 /* CustomTitleBodyButton.swift in Sources */ = {isa = PBXBuildFile; fileRef = 04DAEEC32CC1A31300F1E5E6 /* CustomTitleBodyButton.swift */; };
		04DAEEC62CC23FC800F1E5E6 /* CustomPopUpButton.swift in Sources */ = {isa = PBXBuildFile; fileRef = 04DAEEC52CC23FC800F1E5E6 /* CustomPopUpButton.swift */; };
		04DAEEC82CC287CA00F1E5E6 /* CustomTabButton.swift in Sources */ = {isa = PBXBuildFile; fileRef = 04DAEEC72CC287CA00F1E5E6 /* CustomTabButton.swift */; };
		04F2860B2CC9814500BE2A9C /* NotificationItems.swift in Sources */ = {isa = PBXBuildFile; fileRef = 04F2860A2CC9814500BE2A9C /* NotificationItems.swift */; };
		04F2860D2CC9992700BE2A9C /* CustomToggleStyle.swift in Sources */ = {isa = PBXBuildFile; fileRef = 04F2860C2CC9992700BE2A9C /* CustomToggleStyle.swift */; };
/* End PBXBuildFile section */

/* Begin PBXFileReference section */
		041496AD2CC558F600BE03DA /* CustomButtonWithFrame.swift */ = {isa = PBXFileReference; lastKnownFileType = sourcecode.swift; path = CustomButtonWithFrame.swift; sourceTree = "<group>"; };
		041496AF2CC6A5DC00BE03DA /* MainTabView.swift */ = {isa = PBXFileReference; lastKnownFileType = sourcecode.swift; path = MainTabView.swift; sourceTree = "<group>"; };
		041496B12CC6A69F00BE03DA /* MyFleetView.swift */ = {isa = PBXFileReference; lastKnownFileType = sourcecode.swift; path = MyFleetView.swift; sourceTree = "<group>"; };
		041496B32CC6A6C400BE03DA /* CommunityView.swift */ = {isa = PBXFileReference; lastKnownFileType = sourcecode.swift; path = CommunityView.swift; sourceTree = "<group>"; };
		041496B52CC6A6F800BE03DA /* ShopView.swift */ = {isa = PBXFileReference; lastKnownFileType = sourcecode.swift; path = ShopView.swift; sourceTree = "<group>"; };
		041496B72CC6A72D00BE03DA /* MyAccountView.swift */ = {isa = PBXFileReference; lastKnownFileType = sourcecode.swift; path = MyAccountView.swift; sourceTree = "<group>"; };
		04678E982CBEF9450011C28B /* InterSemiBold.ttf */ = {isa = PBXFileReference; lastKnownFileType = file; path = InterSemiBold.ttf; sourceTree = "<group>"; };
		04678E992CBEF9450011C28B /* ShapiroSuper.otf */ = {isa = PBXFileReference; lastKnownFileType = file; path = ShapiroSuper.otf; sourceTree = "<group>"; };
		04678E9A2CBEF9450011C28B /* ShapiroHeavy.otf */ = {isa = PBXFileReference; lastKnownFileType = file; path = ShapiroHeavy.otf; sourceTree = "<group>"; };
		04678E9B2CBEF9450011C28B /* InterLight.ttf */ = {isa = PBXFileReference; lastKnownFileType = file; path = InterLight.ttf; sourceTree = "<group>"; };
		04678E9C2CBEF9450011C28B /* InterRegular.ttf */ = {isa = PBXFileReference; lastKnownFileType = file; path = InterRegular.ttf; sourceTree = "<group>"; };
		04678EA22CBEF9710011C28B /* Robinson-Helicopter-Info.plist */ = {isa = PBXFileReference; lastKnownFileType = text.plist; path = "Robinson-Helicopter-Info.plist"; sourceTree = SOURCE_ROOT; };
		04A0FCAE2CCA7B6E009C3B77 /* CustomDropDownTextField.swift */ = {isa = PBXFileReference; lastKnownFileType = sourcecode.swift; path = CustomDropDownTextField.swift; sourceTree = "<group>"; };
		04A0FCB12CCA8E62009C3B77 /* FindDealerView.swift */ = {isa = PBXFileReference; lastKnownFileType = sourcecode.swift; path = FindDealerView.swift; sourceTree = "<group>"; };
		04A0FCB32CCAC606009C3B77 /* NotificationView.swift */ = {isa = PBXFileReference; lastKnownFileType = sourcecode.swift; path = NotificationView.swift; sourceTree = "<group>"; };
		04A0FCB52CCAC62C009C3B77 /* NotificationSettingsView.swift */ = {isa = PBXFileReference; lastKnownFileType = sourcecode.swift; path = NotificationSettingsView.swift; sourceTree = "<group>"; };
		04A0FCB72CCACADF009C3B77 /* ResultOfDealerSearch.swift */ = {isa = PBXFileReference; lastKnownFileType = sourcecode.swift; path = ResultOfDealerSearch.swift; sourceTree = "<group>"; };
		04A0FCB92CCAE199009C3B77 /* FIndDealerResultItem.swift */ = {isa = PBXFileReference; lastKnownFileType = sourcecode.swift; path = FIndDealerResultItem.swift; sourceTree = "<group>"; };
		04A0FCBB2CCAE687009C3B77 /* MyDealerSystemCenter.swift */ = {isa = PBXFileReference; lastKnownFileType = sourcecode.swift; path = MyDealerSystemCenter.swift; sourceTree = "<group>"; };
		04A0FCBD2CCB501A009C3B77 /* CustomBorderButton.swift */ = {isa = PBXFileReference; lastKnownFileType = sourcecode.swift; path = CustomBorderButton.swift; sourceTree = "<group>"; };
		04B5FC272CC7661500A0E3E1 /* CustomCircleImage.swift */ = {isa = PBXFileReference; lastKnownFileType = sourcecode.swift; path = CustomCircleImage.swift; sourceTree = "<group>"; };
		04C22B442CBD956000B9F748 /* Robinson Helicopter.app */ = {isa = PBXFileReference; explicitFileType = wrapper.application; includeInIndex = 0; path = "Robinson Helicopter.app"; sourceTree = BUILT_PRODUCTS_DIR; };
		04C22B472CBD956000B9F748 /* Robinson_HelicopterApp.swift */ = {isa = PBXFileReference; lastKnownFileType = sourcecode.swift; path = Robinson_HelicopterApp.swift; sourceTree = "<group>"; };
		04C22B492CBD956000B9F748 /* ContentView.swift */ = {isa = PBXFileReference; lastKnownFileType = sourcecode.swift; path = ContentView.swift; sourceTree = "<group>"; };
		04C22B4B2CBD956300B9F748 /* Assets.xcassets */ = {isa = PBXFileReference; lastKnownFileType = folder.assetcatalog; path = Assets.xcassets; sourceTree = "<group>"; };
		04C22B4E2CBD956300B9F748 /* Preview Assets.xcassets */ = {isa = PBXFileReference; lastKnownFileType = folder.assetcatalog; path = "Preview Assets.xcassets"; sourceTree = "<group>"; };
		04C22B592CBDB9E600B9F748 /* SplashView.swift */ = {isa = PBXFileReference; lastKnownFileType = sourcecode.swift; path = SplashView.swift; sourceTree = "<group>"; };
		04C22B5B2CBDBA0600B9F748 /* LoginView.swift */ = {isa = PBXFileReference; lastKnownFileType = sourcecode.swift; path = LoginView.swift; sourceTree = "<group>"; };
		04C22B5D2CBDBA6600B9F748 /* EnableAccessView.swift */ = {isa = PBXFileReference; lastKnownFileType = sourcecode.swift; path = EnableAccessView.swift; sourceTree = "<group>"; };
		04C22B5F2CBDBA9C00B9F748 /* SignUpView.swift */ = {isa = PBXFileReference; lastKnownFileType = sourcecode.swift; path = SignUpView.swift; sourceTree = "<group>"; };
		04C22B612CBDBAC000B9F748 /* PreviousAccView.swift */ = {isa = PBXFileReference; lastKnownFileType = sourcecode.swift; path = PreviousAccView.swift; sourceTree = "<group>"; };
		04C22B632CBDBAEC00B9F748 /* ForgotPassView.swift */ = {isa = PBXFileReference; lastKnownFileType = sourcecode.swift; path = ForgotPassView.swift; sourceTree = "<group>"; };
		04C22B652CBDBB1500B9F748 /* HeliTrackView.swift */ = {isa = PBXFileReference; lastKnownFileType = sourcecode.swift; path = HeliTrackView.swift; sourceTree = "<group>"; };
		04C22B672CBDBB3000B9F748 /* HomeView.swift */ = {isa = PBXFileReference; lastKnownFileType = sourcecode.swift; path = HomeView.swift; sourceTree = "<group>"; };
		04C9E6D72CD1379A00ADB2E8 /* MyFleetItem.swift */ = {isa = PBXFileReference; lastKnownFileType = sourcecode.swift; path = MyFleetItem.swift; sourceTree = "<group>"; };
		04C9E71D2CD3859D00ADB2E8 /* ReorderFleetItem.swift */ = {isa = PBXFileReference; lastKnownFileType = sourcecode.swift; path = ReorderFleetItem.swift; sourceTree = "<group>"; };
		04D4DF612CC81377004C7A29 /* CustomTextAndCheveronButton.swift */ = {isa = PBXFileReference; lastKnownFileType = sourcecode.swift; path = CustomTextAndCheveronButton.swift; sourceTree = "<group>"; };
		04D4DF632CC8265B004C7A29 /* CustomProductsButton.swift */ = {isa = PBXFileReference; lastKnownFileType = sourcecode.swift; path = CustomProductsButton.swift; sourceTree = "<group>"; };
		04D4DF652CC8389A004C7A29 /* Line.swift */ = {isa = PBXFileReference; lastKnownFileType = sourcecode.swift; path = Line.swift; sourceTree = "<group>"; };
		04D4DF672CC84204004C7A29 /* HeliTrackItem.swift */ = {isa = PBXFileReference; lastKnownFileType = sourcecode.swift; path = HeliTrackItem.swift; sourceTree = "<group>"; };
		04DAEEBA2CBF037200F1E5E6 /* StringHolder.swift */ = {isa = PBXFileReference; lastKnownFileType = sourcecode.swift; path = StringHolder.swift; sourceTree = "<group>"; };
		04DAEEBD2CBF202A00F1E5E6 /* CustomTextField.swift */ = {isa = PBXFileReference; lastKnownFileType = sourcecode.swift; path = CustomTextField.swift; sourceTree = "<group>"; };
		04DAEEBF2CBF29F500F1E5E6 /* CustomButton.swift */ = {isa = PBXFileReference; lastKnownFileType = sourcecode.swift; path = CustomButton.swift; sourceTree = "<group>"; };
		04DAEEC12CBFDB8600F1E5E6 /* CustomNoBackButton.swift */ = {isa = PBXFileReference; lastKnownFileType = sourcecode.swift; path = CustomNoBackButton.swift; sourceTree = "<group>"; };
		04DAEEC32CC1A31300F1E5E6 /* CustomTitleBodyButton.swift */ = {isa = PBXFileReference; lastKnownFileType = sourcecode.swift; path = CustomTitleBodyButton.swift; sourceTree = "<group>"; };
		04DAEEC52CC23FC800F1E5E6 /* CustomPopUpButton.swift */ = {isa = PBXFileReference; lastKnownFileType = sourcecode.swift; path = CustomPopUpButton.swift; sourceTree = "<group>"; };
		04DAEEC72CC287CA00F1E5E6 /* CustomTabButton.swift */ = {isa = PBXFileReference; lastKnownFileType = sourcecode.swift; path = CustomTabButton.swift; sourceTree = "<group>"; };
		04F2860A2CC9814500BE2A9C /* NotificationItems.swift */ = {isa = PBXFileReference; lastKnownFileType = sourcecode.swift; path = NotificationItems.swift; sourceTree = "<group>"; };
		04F2860C2CC9992700BE2A9C /* CustomToggleStyle.swift */ = {isa = PBXFileReference; lastKnownFileType = sourcecode.swift; path = CustomToggleStyle.swift; sourceTree = "<group>"; };
/* End PBXFileReference section */

/* Begin PBXFrameworksBuildPhase section */
		04C22B412CBD956000B9F748 /* Frameworks */ = {
			isa = PBXFrameworksBuildPhase;
			buildActionMask = 2147483647;
			files = (
			);
			runOnlyForDeploymentPostprocessing = 0;
		};
/* End PBXFrameworksBuildPhase section */

/* Begin PBXGroup section */
		04678E932CBEF3BA0011C28B /* Fonts */ = {
			isa = PBXGroup;
			children = (
				04678E9B2CBEF9450011C28B /* InterLight.ttf */,
				04678E9C2CBEF9450011C28B /* InterRegular.ttf */,
				04678E982CBEF9450011C28B /* InterSemiBold.ttf */,
				04678E9A2CBEF9450011C28B /* ShapiroHeavy.otf */,
				04678E992CBEF9450011C28B /* ShapiroSuper.otf */,
			);
			path = Fonts;
			sourceTree = "<group>";
		};
		04A0FCB02CCA8E45009C3B77 /* HomeViewSubViews */ = {
			isa = PBXGroup;
			children = (
				04A0FCB12CCA8E62009C3B77 /* FindDealerView.swift */,
				04A0FCB32CCAC606009C3B77 /* NotificationView.swift */,
				04A0FCB52CCAC62C009C3B77 /* NotificationSettingsView.swift */,
				04A0FCB72CCACADF009C3B77 /* ResultOfDealerSearch.swift */,
				04A0FCBB2CCAE687009C3B77 /* MyDealerSystemCenter.swift */,
			);
			path = HomeViewSubViews;
			sourceTree = "<group>";
		};
		04C22B3B2CBD956000B9F748 = {
			isa = PBXGroup;
			children = (
				04C22B462CBD956000B9F748 /* Robinson Helicopter */,
				04C22B452CBD956000B9F748 /* Products */,
			);
			sourceTree = "<group>";
		};
		04C22B452CBD956000B9F748 /* Products */ = {
			isa = PBXGroup;
			children = (
				04C22B442CBD956000B9F748 /* Robinson Helicopter.app */,
			);
			name = Products;
			sourceTree = "<group>";
		};
		04C22B462CBD956000B9F748 /* Robinson Helicopter */ = {
			isa = PBXGroup;
			children = (
				04678EA22CBEF9710011C28B /* Robinson-Helicopter-Info.plist */,
				04678E932CBEF3BA0011C28B /* Fonts */,
				04C22B582CBDB95C00B9F748 /* Others */,
				04C22B572CBDB94C00B9F748 /* ViewModels */,
				04C22B562CBDB2C500B9F748 /* Models */,
				04C22B552CBDB2BB00B9F748 /* Views */,
				04DAEEBC2CBF1F8D00F1E5E6 /* SubViews */,
				04C22B472CBD956000B9F748 /* Robinson_HelicopterApp.swift */,
				04C22B492CBD956000B9F748 /* ContentView.swift */,
				04C22B4B2CBD956300B9F748 /* Assets.xcassets */,
				04C22B4D2CBD956300B9F748 /* Preview Content */,
			);
			path = "Robinson Helicopter";
			sourceTree = "<group>";
		};
		04C22B4D2CBD956300B9F748 /* Preview Content */ = {
			isa = PBXGroup;
			children = (
				04C22B4E2CBD956300B9F748 /* Preview Assets.xcassets */,
			);
			path = "Preview Content";
			sourceTree = "<group>";
		};
		04C22B552CBDB2BB00B9F748 /* Views */ = {
			isa = PBXGroup;
			children = (
				04A0FCB02CCA8E45009C3B77 /* HomeViewSubViews */,
				04C22B592CBDB9E600B9F748 /* SplashView.swift */,
				04C22B5B2CBDBA0600B9F748 /* LoginView.swift */,
				04C22B5D2CBDBA6600B9F748 /* EnableAccessView.swift */,
				04C22B5F2CBDBA9C00B9F748 /* SignUpView.swift */,
				04C22B612CBDBAC000B9F748 /* PreviousAccView.swift */,
				04C22B632CBDBAEC00B9F748 /* ForgotPassView.swift */,
				04C22B652CBDBB1500B9F748 /* HeliTrackView.swift */,
				041496AF2CC6A5DC00BE03DA /* MainTabView.swift */,
				04C22B672CBDBB3000B9F748 /* HomeView.swift */,
				041496B12CC6A69F00BE03DA /* MyFleetView.swift */,
				041496B32CC6A6C400BE03DA /* CommunityView.swift */,
				041496B52CC6A6F800BE03DA /* ShopView.swift */,
				041496B72CC6A72D00BE03DA /* MyAccountView.swift */,
			);
			path = Views;
			sourceTree = "<group>";
		};
		04C22B562CBDB2C500B9F748 /* Models */ = {
			isa = PBXGroup;
			children = (
			);
			path = Models;
			sourceTree = "<group>";
		};
		04C22B572CBDB94C00B9F748 /* ViewModels */ = {
			isa = PBXGroup;
			children = (
				04F2860A2CC9814500BE2A9C /* NotificationItems.swift */,
				04D4DF672CC84204004C7A29 /* HeliTrackItem.swift */,
				04A0FCB92CCAE199009C3B77 /* FIndDealerResultItem.swift */,
				04C9E6D72CD1379A00ADB2E8 /* MyFleetItem.swift */,
				04C9E71D2CD3859D00ADB2E8 /* ReorderFleetItem.swift */,
			);
			path = ViewModels;
			sourceTree = "<group>";
		};
		04C22B582CBDB95C00B9F748 /* Others */ = {
			isa = PBXGroup;
			children = (
				04DAEEBA2CBF037200F1E5E6 /* StringHolder.swift */,
				04D4DF652CC8389A004C7A29 /* Line.swift */,
				04F2860C2CC9992700BE2A9C /* CustomToggleStyle.swift */,
			);
			path = Others;
			sourceTree = "<group>";
		};
		04DAEEBC2CBF1F8D00F1E5E6 /* SubViews */ = {
			isa = PBXGroup;
			children = (
				04DAEEBD2CBF202A00F1E5E6 /* CustomTextField.swift */,
				04DAEEBF2CBF29F500F1E5E6 /* CustomButton.swift */,
				04DAEEC12CBFDB8600F1E5E6 /* CustomNoBackButton.swift */,
				04DAEEC32CC1A31300F1E5E6 /* CustomTitleBodyButton.swift */,
				04DAEEC52CC23FC800F1E5E6 /* CustomPopUpButton.swift */,
				04DAEEC72CC287CA00F1E5E6 /* CustomTabButton.swift */,
				041496AD2CC558F600BE03DA /* CustomButtonWithFrame.swift */,
				04B5FC272CC7661500A0E3E1 /* CustomCircleImage.swift */,
				04D4DF612CC81377004C7A29 /* CustomTextAndCheveronButton.swift */,
				04D4DF632CC8265B004C7A29 /* CustomProductsButton.swift */,
				04A0FCAE2CCA7B6E009C3B77 /* CustomDropDownTextField.swift */,
				04A0FCBD2CCB501A009C3B77 /* CustomBorderButton.swift */,
			);
			path = SubViews;
			sourceTree = "<group>";
		};
/* End PBXGroup section */

/* Begin PBXNativeTarget section */
		04C22B432CBD956000B9F748 /* Robinson Helicopter */ = {
			isa = PBXNativeTarget;
			buildConfigurationList = 04C22B522CBD956300B9F748 /* Build configuration list for PBXNativeTarget "Robinson Helicopter" */;
			buildPhases = (
				04C22B402CBD956000B9F748 /* Sources */,
				04C22B412CBD956000B9F748 /* Frameworks */,
				04C22B422CBD956000B9F748 /* Resources */,
			);
			buildRules = (
			);
			dependencies = (
			);
			name = "Robinson Helicopter";
			productName = "Robinson Helicopter";
			productReference = 04C22B442CBD956000B9F748 /* Robinson Helicopter.app */;
			productType = "com.apple.product-type.application";
		};
/* End PBXNativeTarget section */

/* Begin PBXProject section */
		04C22B3C2CBD956000B9F748 /* Project object */ = {
			isa = PBXProject;
			attributes = {
				BuildIndependentTargetsInParallel = 1;
				LastSwiftUpdateCheck = 1520;
				LastUpgradeCheck = 1520;
				TargetAttributes = {
					04C22B432CBD956000B9F748 = {
						CreatedOnToolsVersion = 15.2;
					};
				};
			};
			buildConfigurationList = 04C22B3F2CBD956000B9F748 /* Build configuration list for PBXProject "Robinson Helicopter" */;
			compatibilityVersion = "Xcode 14.0";
			developmentRegion = en;
			hasScannedForEncodings = 0;
			knownRegions = (
				en,
				Base,
			);
			mainGroup = 04C22B3B2CBD956000B9F748;
			productRefGroup = 04C22B452CBD956000B9F748 /* Products */;
			projectDirPath = "";
			projectRoot = "";
			targets = (
				04C22B432CBD956000B9F748 /* Robinson Helicopter */,
			);
		};
/* End PBXProject section */

/* Begin PBXResourcesBuildPhase section */
		04C22B422CBD956000B9F748 /* Resources */ = {
			isa = PBXResourcesBuildPhase;
			buildActionMask = 2147483647;
			files = (
				04678E9E2CBEF9460011C28B /* ShapiroSuper.otf in Resources */,
				04C22B4F2CBD956300B9F748 /* Preview Assets.xcassets in Resources */,
				04678E9D2CBEF9450011C28B /* InterSemiBold.ttf in Resources */,
				04C22B4C2CBD956300B9F748 /* Assets.xcassets in Resources */,
				04678EA12CBEF9460011C28B /* InterRegular.ttf in Resources */,
				04678EA02CBEF9460011C28B /* InterLight.ttf in Resources */,
				04678E9F2CBEF9460011C28B /* ShapiroHeavy.otf in Resources */,
			);
			runOnlyForDeploymentPostprocessing = 0;
		};
/* End PBXResourcesBuildPhase section */

/* Begin PBXSourcesBuildPhase section */
		04C22B402CBD956000B9F748 /* Sources */ = {
			isa = PBXSourcesBuildPhase;
			buildActionMask = 2147483647;
			files = (
				04DAEEC02CBF29F500F1E5E6 /* CustomButton.swift in Sources */,
				04C22B4A2CBD956000B9F748 /* ContentView.swift in Sources */,
				04F2860D2CC9992700BE2A9C /* CustomToggleStyle.swift in Sources */,
				04B5FC282CC7661500A0E3E1 /* CustomCircleImage.swift in Sources */,
				04A0FCBE2CCB501A009C3B77 /* CustomBorderButton.swift in Sources */,
				04C22B662CBDBB1500B9F748 /* HeliTrackView.swift in Sources */,
				04DAEEC82CC287CA00F1E5E6 /* CustomTabButton.swift in Sources */,
				04C22B622CBDBAC000B9F748 /* PreviousAccView.swift in Sources */,
				04A0FCAF2CCA7B6E009C3B77 /* CustomDropDownTextField.swift in Sources */,
				041496B02CC6A5DC00BE03DA /* MainTabView.swift in Sources */,
				04F2860B2CC9814500BE2A9C /* NotificationItems.swift in Sources */,
				04C22B682CBDBB3000B9F748 /* HomeView.swift in Sources */,
				04D4DF682CC84204004C7A29 /* HeliTrackItem.swift in Sources */,
				041496B42CC6A6C400BE03DA /* CommunityView.swift in Sources */,
				04C22B642CBDBAEC00B9F748 /* ForgotPassView.swift in Sources */,
				04A0FCB42CCAC606009C3B77 /* NotificationView.swift in Sources */,
				04A0FCB82CCACADF009C3B77 /* ResultOfDealerSearch.swift in Sources */,
				041496B82CC6A72D00BE03DA /* MyAccountView.swift in Sources */,
				04A0FCBA2CCAE199009C3B77 /* FIndDealerResultItem.swift in Sources */,
				04C9E71E2CD3859D00ADB2E8 /* ReorderFleetItem.swift in Sources */,
				04D4DF622CC81377004C7A29 /* CustomTextAndCheveronButton.swift in Sources */,
				04DAEEC22CBFDB8600F1E5E6 /* CustomNoBackButton.swift in Sources */,
				04A0FCB62CCAC62C009C3B77 /* NotificationSettingsView.swift in Sources */,
				041496AE2CC558F600BE03DA /* CustomButtonWithFrame.swift in Sources */,
				04C22B482CBD956000B9F748 /* Robinson_HelicopterApp.swift in Sources */,
				04D4DF662CC8389A004C7A29 /* Line.swift in Sources */,
				04C22B5C2CBDBA0600B9F748 /* LoginView.swift in Sources */,
				04C9E6D82CD1379A00ADB2E8 /* MyFleetItem.swift in Sources */,
				04C22B5A2CBDB9E600B9F748 /* SplashView.swift in Sources */,
				04DAEEBE2CBF202A00F1E5E6 /* CustomTextField.swift in Sources */,
				04A0FCBC2CCAE687009C3B77 /* MyDealerSystemCenter.swift in Sources */,
				04C22B602CBDBA9C00B9F748 /* SignUpView.swift in Sources */,
				04A0FCB22CCA8E62009C3B77 /* FindDealerView.swift in Sources */,
				04C22B5E2CBDBA6600B9F748 /* EnableAccessView.swift in Sources */,
				04D4DF642CC8265B004C7A29 /* CustomProductsButton.swift in Sources */,
				04DAEEC62CC23FC800F1E5E6 /* CustomPopUpButton.swift in Sources */,
				041496B22CC6A69F00BE03DA /* MyFleetView.swift in Sources */,
				04DAEEC42CC1A31400F1E5E6 /* CustomTitleBodyButton.swift in Sources */,
				041496B62CC6A6F800BE03DA /* ShopView.swift in Sources */,
				04DAEEBB2CBF037200F1E5E6 /* StringHolder.swift in Sources */,
			);
			runOnlyForDeploymentPostprocessing = 0;
		};
/* End PBXSourcesBuildPhase section */

/* Begin XCBuildConfiguration section */
		04C22B502CBD956300B9F748 /* Debug */ = {
			isa = XCBuildConfiguration;
			buildSettings = {
				ALWAYS_SEARCH_USER_PATHS = NO;
				ASSETCATALOG_COMPILER_GENERATE_SWIFT_ASSET_SYMBOL_EXTENSIONS = YES;
				CLANG_ANALYZER_NONNULL = YES;
				CLANG_ANALYZER_NUMBER_OBJECT_CONVERSION = YES_AGGRESSIVE;
				CLANG_CXX_LANGUAGE_STANDARD = "gnu++20";
				CLANG_ENABLE_MODULES = YES;
				CLANG_ENABLE_OBJC_ARC = YES;
				CLANG_ENABLE_OBJC_WEAK = YES;
				CLANG_WARN_BLOCK_CAPTURE_AUTORELEASING = YES;
				CLANG_WARN_BOOL_CONVERSION = YES;
				CLANG_WARN_COMMA = YES;
				CLANG_WARN_CONSTANT_CONVERSION = YES;
				CLANG_WARN_DEPRECATED_OBJC_IMPLEMENTATIONS = YES;
				CLANG_WARN_DIRECT_OBJC_ISA_USAGE = YES_ERROR;
				CLANG_WARN_DOCUMENTATION_COMMENTS = YES;
				CLANG_WARN_EMPTY_BODY = YES;
				CLANG_WARN_ENUM_CONVERSION = YES;
				CLANG_WARN_INFINITE_RECURSION = YES;
				CLANG_WARN_INT_CONVERSION = YES;
				CLANG_WARN_NON_LITERAL_NULL_CONVERSION = YES;
				CLANG_WARN_OBJC_IMPLICIT_RETAIN_SELF = YES;
				CLANG_WARN_OBJC_LITERAL_CONVERSION = YES;
				CLANG_WARN_OBJC_ROOT_CLASS = YES_ERROR;
				CLANG_WARN_QUOTED_INCLUDE_IN_FRAMEWORK_HEADER = YES;
				CLANG_WARN_RANGE_LOOP_ANALYSIS = YES;
				CLANG_WARN_STRICT_PROTOTYPES = YES;
				CLANG_WARN_SUSPICIOUS_MOVE = YES;
				CLANG_WARN_UNGUARDED_AVAILABILITY = YES_AGGRESSIVE;
				CLANG_WARN_UNREACHABLE_CODE = YES;
				CLANG_WARN__DUPLICATE_METHOD_MATCH = YES;
				COPY_PHASE_STRIP = NO;
				DEBUG_INFORMATION_FORMAT = dwarf;
				ENABLE_STRICT_OBJC_MSGSEND = YES;
				ENABLE_TESTABILITY = YES;
				ENABLE_USER_SCRIPT_SANDBOXING = YES;
				GCC_C_LANGUAGE_STANDARD = gnu17;
				GCC_DYNAMIC_NO_PIC = NO;
				GCC_NO_COMMON_BLOCKS = YES;
				GCC_OPTIMIZATION_LEVEL = 0;
				GCC_PREPROCESSOR_DEFINITIONS = (
					"DEBUG=1",
					"$(inherited)",
				);
				GCC_WARN_64_TO_32_BIT_CONVERSION = YES;
				GCC_WARN_ABOUT_RETURN_TYPE = YES_ERROR;
				GCC_WARN_UNDECLARED_SELECTOR = YES;
				GCC_WARN_UNINITIALIZED_AUTOS = YES_AGGRESSIVE;
				GCC_WARN_UNUSED_FUNCTION = YES;
				GCC_WARN_UNUSED_VARIABLE = YES;
				IPHONEOS_DEPLOYMENT_TARGET = 17.2;
				LOCALIZATION_PREFERS_STRING_CATALOGS = YES;
				MTL_ENABLE_DEBUG_INFO = INCLUDE_SOURCE;
				MTL_FAST_MATH = YES;
				ONLY_ACTIVE_ARCH = YES;
				SDKROOT = iphoneos;
				SWIFT_ACTIVE_COMPILATION_CONDITIONS = "DEBUG $(inherited)";
				SWIFT_OPTIMIZATION_LEVEL = "-Onone";
			};
			name = Debug;
		};
		04C22B512CBD956300B9F748 /* Release */ = {
			isa = XCBuildConfiguration;
			buildSettings = {
				ALWAYS_SEARCH_USER_PATHS = NO;
				ASSETCATALOG_COMPILER_GENERATE_SWIFT_ASSET_SYMBOL_EXTENSIONS = YES;
				CLANG_ANALYZER_NONNULL = YES;
				CLANG_ANALYZER_NUMBER_OBJECT_CONVERSION = YES_AGGRESSIVE;
				CLANG_CXX_LANGUAGE_STANDARD = "gnu++20";
				CLANG_ENABLE_MODULES = YES;
				CLANG_ENABLE_OBJC_ARC = YES;
				CLANG_ENABLE_OBJC_WEAK = YES;
				CLANG_WARN_BLOCK_CAPTURE_AUTORELEASING = YES;
				CLANG_WARN_BOOL_CONVERSION = YES;
				CLANG_WARN_COMMA = YES;
				CLANG_WARN_CONSTANT_CONVERSION = YES;
				CLANG_WARN_DEPRECATED_OBJC_IMPLEMENTATIONS = YES;
				CLANG_WARN_DIRECT_OBJC_ISA_USAGE = YES_ERROR;
				CLANG_WARN_DOCUMENTATION_COMMENTS = YES;
				CLANG_WARN_EMPTY_BODY = YES;
				CLANG_WARN_ENUM_CONVERSION = YES;
				CLANG_WARN_INFINITE_RECURSION = YES;
				CLANG_WARN_INT_CONVERSION = YES;
				CLANG_WARN_NON_LITERAL_NULL_CONVERSION = YES;
				CLANG_WARN_OBJC_IMPLICIT_RETAIN_SELF = YES;
				CLANG_WARN_OBJC_LITERAL_CONVERSION = YES;
				CLANG_WARN_OBJC_ROOT_CLASS = YES_ERROR;
				CLANG_WARN_QUOTED_INCLUDE_IN_FRAMEWORK_HEADER = YES;
				CLANG_WARN_RANGE_LOOP_ANALYSIS = YES;
				CLANG_WARN_STRICT_PROTOTYPES = YES;
				CLANG_WARN_SUSPICIOUS_MOVE = YES;
				CLANG_WARN_UNGUARDED_AVAILABILITY = YES_AGGRESSIVE;
				CLANG_WARN_UNREACHABLE_CODE = YES;
				CLANG_WARN__DUPLICATE_METHOD_MATCH = YES;
				COPY_PHASE_STRIP = NO;
				DEBUG_INFORMATION_FORMAT = "dwarf-with-dsym";
				ENABLE_NS_ASSERTIONS = NO;
				ENABLE_STRICT_OBJC_MSGSEND = YES;
				ENABLE_USER_SCRIPT_SANDBOXING = YES;
				GCC_C_LANGUAGE_STANDARD = gnu17;
				GCC_NO_COMMON_BLOCKS = YES;
				GCC_WARN_64_TO_32_BIT_CONVERSION = YES;
				GCC_WARN_ABOUT_RETURN_TYPE = YES_ERROR;
				GCC_WARN_UNDECLARED_SELECTOR = YES;
				GCC_WARN_UNINITIALIZED_AUTOS = YES_AGGRESSIVE;
				GCC_WARN_UNUSED_FUNCTION = YES;
				GCC_WARN_UNUSED_VARIABLE = YES;
				IPHONEOS_DEPLOYMENT_TARGET = 17.2;
				LOCALIZATION_PREFERS_STRING_CATALOGS = YES;
				MTL_ENABLE_DEBUG_INFO = NO;
				MTL_FAST_MATH = YES;
				SDKROOT = iphoneos;
				SWIFT_COMPILATION_MODE = wholemodule;
				VALIDATE_PRODUCT = YES;
			};
			name = Release;
		};
		04C22B532CBD956300B9F748 /* Debug */ = {
			isa = XCBuildConfiguration;
			buildSettings = {
				ASSETCATALOG_COMPILER_APPICON_NAME = AppIcon;
				ASSETCATALOG_COMPILER_GLOBAL_ACCENT_COLOR_NAME = AccentColor;
				CODE_SIGN_STYLE = Automatic;
				CURRENT_PROJECT_VERSION = 1;
				DEVELOPMENT_ASSET_PATHS = "\"Robinson Helicopter/Preview Content\"";
				DEVELOPMENT_TEAM = 44JYKT3G4T;
				ENABLE_PREVIEWS = YES;
				GENERATE_INFOPLIST_FILE = YES;
				INFOPLIST_FILE = "Robinson-Helicopter-Info.plist";
				INFOPLIST_KEY_UIApplicationSceneManifest_Generation = YES;
				INFOPLIST_KEY_UIApplicationSupportsIndirectInputEvents = YES;
				INFOPLIST_KEY_UILaunchScreen_Generation = YES;
				INFOPLIST_KEY_UISupportedInterfaceOrientations_iPad = "UIInterfaceOrientationPortrait UIInterfaceOrientationPortraitUpsideDown UIInterfaceOrientationLandscapeLeft UIInterfaceOrientationLandscapeRight";
				INFOPLIST_KEY_UISupportedInterfaceOrientations_iPhone = "UIInterfaceOrientationPortrait UIInterfaceOrientationLandscapeLeft UIInterfaceOrientationLandscapeRight";
				LD_RUNPATH_SEARCH_PATHS = (
					"$(inherited)",
					"@executable_path/Frameworks",
				);
				MARKETING_VERSION = 1.0;
				PRODUCT_BUNDLE_IDENTIFIER = "AIS.Robinson-Helicopter";
				PRODUCT_NAME = "$(TARGET_NAME)";
				SWIFT_EMIT_LOC_STRINGS = YES;
				SWIFT_VERSION = 5.0;
				TARGETED_DEVICE_FAMILY = "1,2";
			};
			name = Debug;
		};
		04C22B542CBD956300B9F748 /* Release */ = {
			isa = XCBuildConfiguration;
			buildSettings = {
				ASSETCATALOG_COMPILER_APPICON_NAME = AppIcon;
				ASSETCATALOG_COMPILER_GLOBAL_ACCENT_COLOR_NAME = AccentColor;
				CODE_SIGN_STYLE = Automatic;
				CURRENT_PROJECT_VERSION = 1;
				DEVELOPMENT_ASSET_PATHS = "\"Robinson Helicopter/Preview Content\"";
				DEVELOPMENT_TEAM = 44JYKT3G4T;
				ENABLE_PREVIEWS = YES;
				GENERATE_INFOPLIST_FILE = YES;
				INFOPLIST_FILE = "Robinson-Helicopter-Info.plist";
				INFOPLIST_KEY_UIApplicationSceneManifest_Generation = YES;
				INFOPLIST_KEY_UIApplicationSupportsIndirectInputEvents = YES;
				INFOPLIST_KEY_UILaunchScreen_Generation = YES;
				INFOPLIST_KEY_UISupportedInterfaceOrientations_iPad = "UIInterfaceOrientationPortrait UIInterfaceOrientationPortraitUpsideDown UIInterfaceOrientationLandscapeLeft UIInterfaceOrientationLandscapeRight";
				INFOPLIST_KEY_UISupportedInterfaceOrientations_iPhone = "UIInterfaceOrientationPortrait UIInterfaceOrientationLandscapeLeft UIInterfaceOrientationLandscapeRight";
				LD_RUNPATH_SEARCH_PATHS = (
					"$(inherited)",
					"@executable_path/Frameworks",
				);
				MARKETING_VERSION = 1.0;
				PRODUCT_BUNDLE_IDENTIFIER = "AIS.Robinson-Helicopter";
				PRODUCT_NAME = "$(TARGET_NAME)";
				SWIFT_EMIT_LOC_STRINGS = YES;
				SWIFT_VERSION = 5.0;
				TARGETED_DEVICE_FAMILY = "1,2";
			};
			name = Release;
		};
/* End XCBuildConfiguration section */

/* Begin XCConfigurationList section */
		04C22B3F2CBD956000B9F748 /* Build configuration list for PBXProject "Robinson Helicopter" */ = {
			isa = XCConfigurationList;
			buildConfigurations = (
				04C22B502CBD956300B9F748 /* Debug */,
				04C22B512CBD956300B9F748 /* Release */,
			);
			defaultConfigurationIsVisible = 0;
			defaultConfigurationName = Release;
		};
		04C22B522CBD956300B9F748 /* Build configuration list for PBXNativeTarget "Robinson Helicopter" */ = {
			isa = XCConfigurationList;
			buildConfigurations = (
				04C22B532CBD956300B9F748 /* Debug */,
				04C22B542CBD956300B9F748 /* Release */,
			);
			defaultConfigurationIsVisible = 0;
			defaultConfigurationName = Release;
		};
/* End XCConfigurationList section */
	};
	rootObject = 04C22B3C2CBD956000B9F748 /* Project object */;
}
